PODS:
  - XFMBase/Category (0.2.0)
  - XFMMain (0.2.0):
    - XFMBase/Category
  - XPageView (0.2.0)

DEPENDENCIES:
  - XFMMain
  - XPageView (~> 0.2.0)

SPEC CHECKSUMS:
  XFMBase: 169698411d8c80e28081788132be2c3b0b336321
  XFMMain: 7d8bffdfdf0dc428abfd525bc11f28319e521102
  XPageView: f8c34ba0565c608d5c1fd1f72552baac7da36f3d

PODFILE CHECKSUM: 91631f85e5a0dffe285c532abfc46272240454b8

COCOAPODS: 1.1.1
