// !$*UTF8*$!
{
	archiveVersion = 1;
	classes = {
	};
	objectVersion = 46;
	objects = {

/* Begin PBXBuildFile section */
		AE0AFEA11EA1FE8A00A57E33 /* main.m in Sources */ = {isa = PBXBuildFile; fileRef = AE0AFEA01EA1FE8A00A57E33 /* main.m */; };
		AE0AFEA41EA1FE8A00A57E33 /* AppDelegate.m in Sources */ = {isa = PBXBuildFile; fileRef = AE0AFEA31EA1FE8A00A57E33 /* AppDelegate.m */; };
		AE0AFEA71EA1FE8A00A57E33 /* ViewController.m in Sources */ = {isa = PBXBuildFile; fileRef = AE0AFEA61EA1FE8A00A57E33 /* ViewController.m */; };
		AE0AFEAA1EA1FE8A00A57E33 /* Main.storyboard in Resources */ = {isa = PBXBuildFile; fileRef = AE0AFEA81EA1FE8A00A57E33 /* Main.storyboard */; };
		AE0AFEAC1EA1FE8A00A57E33 /* Assets.xcassets in Resources */ = {isa = PBXBuildFile; fileRef = AE0AFEAB1EA1FE8A00A57E33 /* Assets.xcassets */; };
		AE0AFEAF1EA1FE8A00A57E33 /* LaunchScreen.storyboard in Resources */ = {isa = PBXBuildFile; fileRef = AE0AFEAD1EA1FE8A00A57E33 /* LaunchScreen.storyboard */; };
		AE0AFEBA1EA1FE8A00A57E33 /* XFMTests.m in Sources */ = {isa = PBXBuildFile; fileRef = AE0AFEB91EA1FE8A00A57E33 /* XFMTests.m */; };
		AE0AFEC51EA1FE8B00A57E33 /* XFMUITests.m in Sources */ = {isa = PBXBuildFile; fileRef = AE0AFEC41EA1FE8B00A57E33 /* XFMUITests.m */; };
		AE0AFED91EA21A8900A57E33 /* XTabBarController.m in Sources */ = {isa = PBXBuildFile; fileRef = AE0AFED81EA21A8900A57E33 /* XTabBarController.m */; };
		AE0AFEDC1EA21AA200A57E33 /* XNavigationController.m in Sources */ = {isa = PBXBuildFile; fileRef = AE0AFEDB1EA21AA200A57E33 /* XNavigationController.m */; };
		AE0AFEDF1EA21ACF00A57E33 /* XNavigationBar.m in Sources */ = {isa = PBXBuildFile; fileRef = AE0AFEDE1EA21ACF00A57E33 /* XNavigationBar.m */; };
		AE0AFEE21EA21AE100A57E33 /* XTabBar.m in Sources */ = {isa = PBXBuildFile; fileRef = AE0AFEE11EA21AE100A57E33 /* XTabBar.m */; };
		AE0AFEE51EA21AF400A57E33 /* XMiddleView.m in Sources */ = {isa = PBXBuildFile; fileRef = AE0AFEE41EA21AF400A57E33 /* XMiddleView.m */; };
		AE0AFEEB1EA21B7800A57E33 /* XMiddleView.xib in Resources */ = {isa = PBXBuildFile; fileRef = AE0AFEEA1EA21B7800A57E33 /* XMiddleView.xib */; };
		AE0AFEF11EA220CE00A57E33 /* UIView+XLayout.m in Sources */ = {isa = PBXBuildFile; fileRef = AE0AFEF01EA220CE00A57E33 /* UIView+XLayout.m */; };
		AE0AFEF71EA2262300A57E33 /* UIImage+XImage.m in Sources */ = {isa = PBXBuildFile; fileRef = AE0AFEF61EA2262300A57E33 /* UIImage+XImage.m */; };
		AE0AFEFA1EA22F5500A57E33 /* XTestController.m in Sources */ = {isa = PBXBuildFile; fileRef = AE0AFEF91EA22F5500A57E33 /* XTestController.m */; };
		AE0AFEFD1EA2338400A57E33 /* CALayer+XAnimate.m in Sources */ = {isa = PBXBuildFile; fileRef = AE0AFEFC1EA2338400A57E33 /* CALayer+XAnimate.m */; };
		AE0AFF001EA23B1100A57E33 /* XTestSecondViewController.m in Sources */ = {isa = PBXBuildFile; fileRef = AE0AFEFF1EA23B1100A57E33 /* XTestSecondViewController.m */; };
/* End PBXBuildFile section */

/* Begin PBXContainerItemProxy section */
		AE0AFEB61EA1FE8A00A57E33 /* PBXContainerItemProxy */ = {
			isa = PBXContainerItemProxy;
			containerPortal = AE0AFE941EA1FE8A00A57E33 /* Project object */;
			proxyType = 1;
			remoteGlobalIDString = AE0AFE9B1EA1FE8A00A57E33;
			remoteInfo = XFM;
		};
		AE0AFEC11EA1FE8B00A57E33 /* PBXContainerItemProxy */ = {
			isa = PBXContainerItemProxy;
			containerPortal = AE0AFE941EA1FE8A00A57E33 /* Project object */;
			proxyType = 1;
			remoteGlobalIDString = AE0AFE9B1EA1FE8A00A57E33;
			remoteInfo = XFM;
		};
/* End PBXContainerItemProxy section */

/* Begin PBXFileReference section */
		AE0AFE9C1EA1FE8A00A57E33 /* XFM.app */ = {isa = PBXFileReference; explicitFileType = wrapper.application; includeInIndex = 0; path = XFM.app; sourceTree = BUILT_PRODUCTS_DIR; };
		AE0AFEA01EA1FE8A00A57E33 /* main.m */ = {isa = PBXFileReference; lastKnownFileType = sourcecode.c.objc; path = main.m; sourceTree = "<group>"; };
		AE0AFEA21EA1FE8A00A57E33 /* AppDelegate.h */ = {isa = PBXFileReference; lastKnownFileType = sourcecode.c.h; path = AppDelegate.h; sourceTree = "<group>"; };
		AE0AFEA31EA1FE8A00A57E33 /* AppDelegate.m */ = {isa = PBXFileReference; lastKnownFileType = sourcecode.c.objc; path = AppDelegate.m; sourceTree = "<group>"; };
		AE0AFEA51EA1FE8A00A57E33 /* ViewController.h */ = {isa = PBXFileReference; lastKnownFileType = sourcecode.c.h; path = ViewController.h; sourceTree = "<group>"; };
		AE0AFEA61EA1FE8A00A57E33 /* ViewController.m */ = {isa = PBXFileReference; lastKnownFileType = sourcecode.c.objc; path = ViewController.m; sourceTree = "<group>"; };
		AE0AFEA91EA1FE8A00A57E33 /* Base */ = {isa = PBXFileReference; lastKnownFileType = file.storyboard; name = Base; path = Base.lproj/Main.storyboard; sourceTree = "<group>"; };
		AE0AFEAB1EA1FE8A00A57E33 /* Assets.xcassets */ = {isa = PBXFileReference; lastKnownFileType = folder.assetcatalog; path = Assets.xcassets; sourceTree = "<group>"; };
		AE0AFEAE1EA1FE8A00A57E33 /* Base */ = {isa = PBXFileReference; lastKnownFileType = file.storyboard; name = Base; path = Base.lproj/LaunchScreen.storyboard; sourceTree = "<group>"; };
		AE0AFEB01EA1FE8A00A57E33 /* Info.plist */ = {isa = PBXFileReference; lastKnownFileType = text.plist.xml; path = Info.plist; sourceTree = "<group>"; };
		AE0AFEB51EA1FE8A00A57E33 /* XFMTests.xctest */ = {isa = PBXFileReference; explicitFileType = wrapper.cfbundle; includeInIndex = 0; path = XFMTests.xctest; sourceTree = BUILT_PRODUCTS_DIR; };
		AE0AFEB91EA1FE8A00A57E33 /* XFMTests.m */ = {isa = PBXFileReference; lastKnownFileType = sourcecode.c.objc; path = XFMTests.m; sourceTree = "<group>"; };
		AE0AFEBB1EA1FE8A00A57E33 /* Info.plist */ = {isa = PBXFileReference; lastKnownFileType = text.plist.xml; path = Info.plist; sourceTree = "<group>"; };
		AE0AFEC01EA1FE8B00A57E33 /* XFMUITests.xctest */ = {isa = PBXFileReference; explicitFileType = wrapper.cfbundle; includeInIndex = 0; path = XFMUITests.xctest; sourceTree = BUILT_PRODUCTS_DIR; };
		AE0AFEC41EA1FE8B00A57E33 /* XFMUITests.m */ = {isa = PBXFileReference; lastKnownFileType = sourcecode.c.objc; path = XFMUITests.m; sourceTree = "<group>"; };
		AE0AFEC61EA1FE8B00A57E33 /* Info.plist */ = {isa = PBXFileReference; lastKnownFileType = text.plist.xml; path = Info.plist; sourceTree = "<group>"; };
		AE0AFED71EA21A8900A57E33 /* XTabBarController.h */ = {isa = PBXFileReference; fileEncoding = 4; lastKnownFileType = sourcecode.c.h; path = XTabBarController.h; sourceTree = "<group>"; };
		AE0AFED81EA21A8900A57E33 /* XTabBarController.m */ = {isa = PBXFileReference; fileEncoding = 4; lastKnownFileType = sourcecode.c.objc; path = XTabBarController.m; sourceTree = "<group>"; };
		AE0AFEDA1EA21AA200A57E33 /* XNavigationController.h */ = {isa = PBXFileReference; fileEncoding = 4; lastKnownFileType = sourcecode.c.h; path = XNavigationController.h; sourceTree = "<group>"; };
		AE0AFEDB1EA21AA200A57E33 /* XNavigationController.m */ = {isa = PBXFileReference; fileEncoding = 4; lastKnownFileType = sourcecode.c.objc; path = XNavigationController.m; sourceTree = "<group>"; };
		AE0AFEDD1EA21ACF00A57E33 /* XNavigationBar.h */ = {isa = PBXFileReference; fileEncoding = 4; lastKnownFileType = sourcecode.c.h; path = XNavigationBar.h; sourceTree = "<group>"; };
		AE0AFEDE1EA21ACF00A57E33 /* XNavigationBar.m */ = {isa = PBXFileReference; fileEncoding = 4; lastKnownFileType = sourcecode.c.objc; path = XNavigationBar.m; sourceTree = "<group>"; };
		AE0AFEE01EA21AE100A57E33 /* XTabBar.h */ = {isa = PBXFileReference; fileEncoding = 4; lastKnownFileType = sourcecode.c.h; path = XTabBar.h; sourceTree = "<group>"; };
		AE0AFEE11EA21AE100A57E33 /* XTabBar.m */ = {isa = PBXFileReference; fileEncoding = 4; lastKnownFileType = sourcecode.c.objc; path = XTabBar.m; sourceTree = "<group>"; };
		AE0AFEE31EA21AF400A57E33 /* XMiddleView.h */ = {isa = PBXFileReference; fileEncoding = 4; lastKnownFileType = sourcecode.c.h; path = XMiddleView.h; sourceTree = "<group>"; };
		AE0AFEE41EA21AF400A57E33 /* XMiddleView.m */ = {isa = PBXFileReference; fileEncoding = 4; lastKnownFileType = sourcecode.c.objc; path = XMiddleView.m; sourceTree = "<group>"; };
		AE0AFEEA1EA21B7800A57E33 /* XMiddleView.xib */ = {isa = PBXFileReference; fileEncoding = 4; lastKnownFileType = file.xib; path = XMiddleView.xib; sourceTree = "<group>"; };
		AE0AFEEF1EA220CE00A57E33 /* UIView+XLayout.h */ = {isa = PBXFileReference; fileEncoding = 4; lastKnownFileType = sourcecode.c.h; path = "UIView+XLayout.h"; sourceTree = "<group>"; };
		AE0AFEF01EA220CE00A57E33 /* UIView+XLayout.m */ = {isa = PBXFileReference; fileEncoding = 4; lastKnownFileType = sourcecode.c.objc; path = "UIView+XLayout.m"; sourceTree = "<group>"; };
		AE0AFEF51EA2262300A57E33 /* UIImage+XImage.h */ = {isa = PBXFileReference; fileEncoding = 4; lastKnownFileType = sourcecode.c.h; path = "UIImage+XImage.h"; sourceTree = "<group>"; };
		AE0AFEF61EA2262300A57E33 /* UIImage+XImage.m */ = {isa = PBXFileReference; fileEncoding = 4; lastKnownFileType = sourcecode.c.objc; path = "UIImage+XImage.m"; sourceTree = "<group>"; };
		AE0AFEF81EA22F5500A57E33 /* XTestController.h */ = {isa = PBXFileReference; fileEncoding = 4; lastKnownFileType = sourcecode.c.h; path = XTestController.h; sourceTree = "<group>"; };
		AE0AFEF91EA22F5500A57E33 /* XTestController.m */ = {isa = PBXFileReference; fileEncoding = 4; lastKnownFileType = sourcecode.c.objc; path = XTestController.m; sourceTree = "<group>"; };
		AE0AFEFB1EA2338400A57E33 /* CALayer+XAnimate.h */ = {isa = PBXFileReference; fileEncoding = 4; lastKnownFileType = sourcecode.c.h; path = "CALayer+XAnimate.h"; sourceTree = "<group>"; };
		AE0AFEFC1EA2338400A57E33 /* CALayer+XAnimate.m */ = {isa = PBXFileReference; fileEncoding = 4; lastKnownFileType = sourcecode.c.objc; path = "CALayer+XAnimate.m"; sourceTree = "<group>"; };
		AE0AFEFE1EA23B1100A57E33 /* XTestSecondViewController.h */ = {isa = PBXFileReference; fileEncoding = 4; lastKnownFileType = sourcecode.c.h; path = XTestSecondViewController.h; sourceTree = "<group>"; };
		AE0AFEFF1EA23B1100A57E33 /* XTestSecondViewController.m */ = {isa = PBXFileReference; fileEncoding = 4; lastKnownFileType = sourcecode.c.objc; path = XTestSecondViewController.m; sourceTree = "<group>"; };
/* End PBXFileReference section */

/* Begin PBXFrameworksBuildPhase section */
		AE0AFE991EA1FE8A00A57E33 /* Frameworks */ = {
			isa = PBXFrameworksBuildPhase;
			buildActionMask = 2147483647;
			files = (
			);
			runOnlyForDeploymentPostprocessing = 0;
		};
		AE0AFEB21EA1FE8A00A57E33 /* Frameworks */ = {
			isa = PBXFrameworksBuildPhase;
			buildActionMask = 2147483647;
			files = (
			);
			runOnlyForDeploymentPostprocessing = 0;
		};
		AE0AFEBD1EA1FE8B00A57E33 /* Frameworks */ = {
			isa = PBXFrameworksBuildPhase;
			buildActionMask = 2147483647;
			files = (
			);
			runOnlyForDeploymentPostprocessing = 0;
		};
/* End PBXFrameworksBuildPhase section */

/* Begin PBXGroup section */
		AE0AFE931EA1FE8A00A57E33 = {
			isa = PBXGroup;
			children = (
				AE0AFE9E1EA1FE8A00A57E33 /* XFM */,
				AE0AFEB81EA1FE8A00A57E33 /* XFMTests */,
				AE0AFEC31EA1FE8B00A57E33 /* XFMUITests */,
				AE0AFE9D1EA1FE8A00A57E33 /* Products */,
			);
			sourceTree = "<group>";
		};
		AE0AFE9D1EA1FE8A00A57E33 /* Products */ = {
			isa = PBXGroup;
			children = (
				AE0AFE9C1EA1FE8A00A57E33 /* XFM.app */,
				AE0AFEB51EA1FE8A00A57E33 /* XFMTests.xctest */,
				AE0AFEC01EA1FE8B00A57E33 /* XFMUITests.xctest */,
			);
			name = Products;
			sourceTree = "<group>";
		};
		AE0AFE9E1EA1FE8A00A57E33 /* XFM */ = {
			isa = PBXGroup;
			children = (
				AE0AFEEC1EA220B000A57E33 /* Category */,
				AE0AFED41EA1FECD00A57E33 /* MainModule */,
				AE0AFEA21EA1FE8A00A57E33 /* AppDelegate.h */,
				AE0AFEA31EA1FE8A00A57E33 /* AppDelegate.m */,
				AE0AFEA51EA1FE8A00A57E33 /* ViewController.h */,
				AE0AFEA61EA1FE8A00A57E33 /* ViewController.m */,
				AE0AFEF81EA22F5500A57E33 /* XTestController.h */,
				AE0AFEF91EA22F5500A57E33 /* XTestController.m */,
				AE0AFEFE1EA23B1100A57E33 /* XTestSecondViewController.h */,
				AE0AFEFF1EA23B1100A57E33 /* XTestSecondViewController.m */,
				AE0AFEA81EA1FE8A00A57E33 /* Main.storyboard */,
				AE0AFEAB1EA1FE8A00A57E33 /* Assets.xcassets */,
				AE0AFEAD1EA1FE8A00A57E33 /* LaunchScreen.storyboard */,
				AE0AFEB01EA1FE8A00A57E33 /* Info.plist */,
				AE0AFE9F1EA1FE8A00A57E33 /* Supporting Files */,
			);
			path = XFM;
			sourceTree = "<group>";
		};
		AE0AFE9F1EA1FE8A00A57E33 /* Supporting Files */ = {
			isa = PBXGroup;
			children = (
				AE0AFEA01EA1FE8A00A57E33 /* main.m */,
			);
			name = "Supporting Files";
			sourceTree = "<group>";
		};
		AE0AFEB81EA1FE8A00A57E33 /* XFMTests */ = {
			isa = PBXGroup;
			children = (
				AE0AFEB91EA1FE8A00A57E33 /* XFMTests.m */,
				AE0AFEBB1EA1FE8A00A57E33 /* Info.plist */,
			);
			path = XFMTests;
			sourceTree = "<group>";
		};
		AE0AFEC31EA1FE8B00A57E33 /* XFMUITests */ = {
			isa = PBXGroup;
			children = (
				AE0AFEC41EA1FE8B00A57E33 /* XFMUITests.m */,
				AE0AFEC61EA1FE8B00A57E33 /* Info.plist */,
			);
			path = XFMUITests;
			sourceTree = "<group>";
		};
		AE0AFED41EA1FECD00A57E33 /* MainModule */ = {
			isa = PBXGroup;
			children = (
				AE0AFED51EA21A5000A57E33 /* Controller */,
				AE0AFED61EA21A5000A57E33 /* View */,
			);
			path = MainModule;
			sourceTree = "<group>";
		};
		AE0AFED51EA21A5000A57E33 /* Controller */ = {
			isa = PBXGroup;
			children = (
				AE0AFED71EA21A8900A57E33 /* XTabBarController.h */,
				AE0AFED81EA21A8900A57E33 /* XTabBarController.m */,
				AE0AFEDA1EA21AA200A57E33 /* XNavigationController.h */,
				AE0AFEDB1EA21AA200A57E33 /* XNavigationController.m */,
			);
			path = Controller;
			sourceTree = "<group>";
		};
		AE0AFED61EA21A5000A57E33 /* View */ = {
			isa = PBXGroup;
			children = (
				AE0AFEDD1EA21ACF00A57E33 /* XNavigationBar.h */,
				AE0AFEDE1EA21ACF00A57E33 /* XNavigationBar.m */,
				AE0AFEE01EA21AE100A57E33 /* XTabBar.h */,
				AE0AFEE11EA21AE100A57E33 /* XTabBar.m */,
				AE0AFEE31EA21AF400A57E33 /* XMiddleView.h */,
				AE0AFEE41EA21AF400A57E33 /* XMiddleView.m */,
				AE0AFEEA1EA21B7800A57E33 /* XMiddleView.xib */,
			);
			path = View;
			sourceTree = "<group>";
		};
		AE0AFEEC1EA220B000A57E33 /* Category */ = {
			isa = PBXGroup;
			children = (
				AE0AFEEF1EA220CE00A57E33 /* UIView+XLayout.h */,
				AE0AFEF01EA220CE00A57E33 /* UIView+XLayout.m */,
				AE0AFEF51EA2262300A57E33 /* UIImage+XImage.h */,
				AE0AFEF61EA2262300A57E33 /* UIImage+XImage.m */,
				AE0AFEFB1EA2338400A57E33 /* CALayer+XAnimate.h */,
				AE0AFEFC1EA2338400A57E33 /* CALayer+XAnimate.m */,
			);
			path = Category;
			sourceTree = "<group>";
		};
/* End PBXGroup section */

/* Begin PBXNativeTarget section */
		AE0AFE9B1EA1FE8A00A57E33 /* XFM */ = {
			isa = PBXNativeTarget;
			buildConfigurationList = AE0AFEC91EA1FE8B00A57E33 /* Build configuration list for PBXNativeTarget "XFM" */;
			buildPhases = (
				AE0AFE981EA1FE8A00A57E33 /* Sources */,
				AE0AFE991EA1FE8A00A57E33 /* Frameworks */,
				AE0AFE9A1EA1FE8A00A57E33 /* Resources */,
			);
			buildRules = (
			);
			dependencies = (
			);
			name = XFM;
			productName = XFM;
			productReference = AE0AFE9C1EA1FE8A00A57E33 /* XFM.app */;
			productType = "com.apple.product-type.application";
		};
		AE0AFEB41EA1FE8A00A57E33 /* XFMTests */ = {
			isa = PBXNativeTarget;
			buildConfigurationList = AE0AFECC1EA1FE8B00A57E33 /* Build configuration list for PBXNativeTarget "XFMTests" */;
			buildPhases = (
				AE0AFEB11EA1FE8A00A57E33 /* Sources */,
				AE0AFEB21EA1FE8A00A57E33 /* Frameworks */,
				AE0AFEB31EA1FE8A00A57E33 /* Resources */,
			);
			buildRules = (
			);
			dependencies = (
				AE0AFEB71EA1FE8A00A57E33 /* PBXTargetDependency */,
			);
			name = XFMTests;
			productName = XFMTests;
			productReference = AE0AFEB51EA1FE8A00A57E33 /* XFMTests.xctest */;
			productType = "com.apple.product-type.bundle.unit-test";
		};
		AE0AFEBF1EA1FE8B00A57E33 /* XFMUITests */ = {
			isa = PBXNativeTarget;
			buildConfigurationList = AE0AFECF1EA1FE8B00A57E33 /* Build configuration list for PBXNativeTarget "XFMUITests" */;
			buildPhases = (
				AE0AFEBC1EA1FE8B00A57E33 /* Sources */,
				AE0AFEBD1EA1FE8B00A57E33 /* Frameworks */,
				AE0AFEBE1EA1FE8B00A57E33 /* Resources */,
			);
			buildRules = (
			);
			dependencies = (
				AE0AFEC21EA1FE8B00A57E33 /* PBXTargetDependency */,
			);
			name = XFMUITests;
			productName = XFMUITests;
			productReference = AE0AFEC01EA1FE8B00A57E33 /* XFMUITests.xctest */;
			productType = "com.apple.product-type.bundle.ui-testing";
		};
/* End PBXNativeTarget section */

/* Begin PBXProject section */
		AE0AFE941EA1FE8A00A57E33 /* Project object */ = {
			isa = PBXProject;
			attributes = {
				CLASSPREFIX = X;
				LastUpgradeCheck = 0820;
				ORGANIZATIONNAME = "张鑫";
				TargetAttributes = {
					AE0AFE9B1EA1FE8A00A57E33 = {
						CreatedOnToolsVersion = 8.2.1;
						ProvisioningStyle = Automatic;
					};
					AE0AFEB41EA1FE8A00A57E33 = {
						CreatedOnToolsVersion = 8.2.1;
						ProvisioningStyle = Automatic;
						TestTargetID = AE0AFE9B1EA1FE8A00A57E33;
					};
					AE0AFEBF1EA1FE8B00A57E33 = {
						CreatedOnToolsVersion = 8.2.1;
						ProvisioningStyle = Automatic;
						TestTargetID = AE0AFE9B1EA1FE8A00A57E33;
					};
				};
			};
			buildConfigurationList = AE0AFE971EA1FE8A00A57E33 /* Build configuration list for PBXProject "XFM" */;
			compatibilityVersion = "Xcode 3.2";
			developmentRegion = English;
			hasScannedForEncodings = 0;
			knownRegions = (
				en,
				Base,
			);
			mainGroup = AE0AFE931EA1FE8A00A57E33;
			productRefGroup = AE0AFE9D1EA1FE8A00A57E33 /* Products */;
			projectDirPath = "";
			projectRoot = "";
			targets = (
				AE0AFE9B1EA1FE8A00A57E33 /* XFM */,
				AE0AFEB41EA1FE8A00A57E33 /* XFMTests */,
				AE0AFEBF1EA1FE8B00A57E33 /* XFMUITests */,
			);
		};
/* End PBXProject section */

/* Begin PBXResourcesBuildPhase section */
		AE0AFE9A1EA1FE8A00A57E33 /* Resources */ = {
			isa = PBXResourcesBuildPhase;
			buildActionMask = 2147483647;
			files = (
				AE0AFEAF1EA1FE8A00A57E33 /* LaunchScreen.storyboard in Resources */,
				AE0AFEAC1EA1FE8A00A57E33 /* Assets.xcassets in Resources */,
				AE0AFEEB1EA21B7800A57E33 /* XMiddleView.xib in Resources */,
				AE0AFEAA1EA1FE8A00A57E33 /* Main.storyboard in Resources */,
			);
			runOnlyForDeploymentPostprocessing = 0;
		};
		AE0AFEB31EA1FE8A00A57E33 /* Resources */ = {
			isa = PBXResourcesBuildPhase;
			buildActionMask = 2147483647;
			files = (
			);
			runOnlyForDeploymentPostprocessing = 0;
		};
		AE0AFEBE1EA1FE8B00A57E33 /* Resources */ = {
			isa = PBXResourcesBuildPhase;
			buildActionMask = 2147483647;
			files = (
			);
			runOnlyForDeploymentPostprocessing = 0;
		};
/* End PBXResourcesBuildPhase section */

/* Begin PBXSourcesBuildPhase section */
		AE0AFE981EA1FE8A00A57E33 /* Sources */ = {
			isa = PBXSourcesBuildPhase;
			buildActionMask = 2147483647;
			files = (
				AE0AFEFD1EA2338400A57E33 /* CALayer+XAnimate.m in Sources */,
				AE0AFEE21EA21AE100A57E33 /* XTabBar.m in Sources */,
				AE0AFF001EA23B1100A57E33 /* XTestSecondViewController.m in Sources */,
				AE0AFEF11EA220CE00A57E33 /* UIView+XLayout.m in Sources */,
				AE0AFEDC1EA21AA200A57E33 /* XNavigationController.m in Sources */,
				AE0AFEE51EA21AF400A57E33 /* XMiddleView.m in Sources */,
				AE0AFEA71EA1FE8A00A57E33 /* ViewController.m in Sources */,
				AE0AFEA41EA1FE8A00A57E33 /* AppDelegate.m in Sources */,
				AE0AFEF71EA2262300A57E33 /* UIImage+XImage.m in Sources */,
				AE0AFED91EA21A8900A57E33 /* XTabBarController.m in Sources */,
				AE0AFEDF1EA21ACF00A57E33 /* XNavigationBar.m in Sources */,
				AE0AFEA11EA1FE8A00A57E33 /* main.m in Sources */,
				AE0AFEFA1EA22F5500A57E33 /* XTestController.m in Sources */,
			);
			runOnlyForDeploymentPostprocessing = 0;
		};
		AE0AFEB11EA1FE8A00A57E33 /* Sources */ = {
			isa = PBXSourcesBuildPhase;
			buildActionMask = 2147483647;
			files = (
				AE0AFEBA1EA1FE8A00A57E33 /* XFMTests.m in Sources */,
			);
			runOnlyForDeploymentPostprocessing = 0;
		};
		AE0AFEBC1EA1FE8B00A57E33 /* Sources */ = {
			isa = PBXSourcesBuildPhase;
			buildActionMask = 2147483647;
			files = (
				AE0AFEC51EA1FE8B00A57E33 /* XFMUITests.m in Sources */,
			);
			runOnlyForDeploymentPostprocessing = 0;
		};
/* End PBXSourcesBuildPhase section */

/* Begin PBXTargetDependency section */
		AE0AFEB71EA1FE8A00A57E33 /* PBXTargetDependency */ = {
			isa = PBXTargetDependency;
			target = AE0AFE9B1EA1FE8A00A57E33 /* XFM */;
			targetProxy = AE0AFEB61EA1FE8A00A57E33 /* PBXContainerItemProxy */;
		};
		AE0AFEC21EA1FE8B00A57E33 /* PBXTargetDependency */ = {
			isa = PBXTargetDependency;
			target = AE0AFE9B1EA1FE8A00A57E33 /* XFM */;
			targetProxy = AE0AFEC11EA1FE8B00A57E33 /* PBXContainerItemProxy */;
		};
/* End PBXTargetDependency section */

/* Begin PBXVariantGroup section */
		AE0AFEA81EA1FE8A00A57E33 /* Main.storyboard */ = {
			isa = PBXVariantGroup;
			children = (
				AE0AFEA91EA1FE8A00A57E33 /* Base */,
			);
			name = Main.storyboard;
			sourceTree = "<group>";
		};
		AE0AFEAD1EA1FE8A00A57E33 /* LaunchScreen.storyboard */ = {
			isa = PBXVariantGroup;
			children = (
				AE0AFEAE1EA1FE8A00A57E33 /* Base */,
			);
			name = LaunchScreen.storyboard;
			sourceTree = "<group>";
		};
/* End PBXVariantGroup section */

/* Begin XCBuildConfiguration section */
		AE0AFEC71EA1FE8B00A57E33 /* Debug */ = {
			isa = XCBuildConfiguration;
			buildSettings = {
				ALWAYS_SEARCH_USER_PATHS = NO;
				CLANG_ANALYZER_NONNULL = YES;
				CLANG_CXX_LANGUAGE_STANDARD = "gnu++0x";
				CLANG_CXX_LIBRARY = "libc++";
				CLANG_ENABLE_MODULES = YES;
				CLANG_ENABLE_OBJC_ARC = YES;
				CLANG_WARN_BOOL_CONVERSION = YES;
				CLANG_WARN_CONSTANT_CONVERSION = YES;
				CLANG_WARN_DIRECT_OBJC_ISA_USAGE = YES_ERROR;
				CLANG_WARN_DOCUMENTATION_COMMENTS = YES;
				CLANG_WARN_EMPTY_BODY = YES;
				CLANG_WARN_ENUM_CONVERSION = YES;
				CLANG_WARN_INFINITE_RECURSION = YES;
				CLANG_WARN_INT_CONVERSION = YES;
				CLANG_WARN_OBJC_ROOT_CLASS = YES_ERROR;
				CLANG_WARN_SUSPICIOUS_MOVE = YES;
				CLANG_WARN_UNREACHABLE_CODE = YES;
				CLANG_WARN__DUPLICATE_METHOD_MATCH = YES;
				"CODE_SIGN_IDENTITY[sdk=iphoneos*]" = "iPhone Developer";
				COPY_PHASE_STRIP = NO;
				DEBUG_INFORMATION_FORMAT = dwarf;
				ENABLE_STRICT_OBJC_MSGSEND = YES;
				ENABLE_TESTABILITY = YES;
				GCC_C_LANGUAGE_STANDARD = gnu99;
				GCC_DYNAMIC_NO_PIC = NO;
				GCC_NO_COMMON_BLOCKS = YES;
				GCC_OPTIMIZATION_LEVEL = 0;
				GCC_PREPROCESSOR_DEFINITIONS = (
					"DEBUG=1",
					"$(inherited)",
				);
				GCC_WARN_64_TO_32_BIT_CONVERSION = YES;
				GCC_WARN_ABOUT_RETURN_TYPE = YES_ERROR;
				GCC_WARN_UNDECLARED_SELECTOR = YES;
				GCC_WARN_UNINITIALIZED_AUTOS = YES_AGGRESSIVE;
				GCC_WARN_UNUSED_FUNCTION = YES;
				GCC_WARN_UNUSED_VARIABLE = YES;
				IPHONEOS_DEPLOYMENT_TARGET = 10.2;
				MTL_ENABLE_DEBUG_INFO = YES;
				ONLY_ACTIVE_ARCH = YES;
				SDKROOT = iphoneos;
				TARGETED_DEVICE_FAMILY = "1,2";
			};
			name = Debug;
		};
		AE0AFEC81EA1FE8B00A57E33 /* Release */ = {
			isa = XCBuildConfiguration;
			buildSettings = {
				ALWAYS_SEARCH_USER_PATHS = NO;
				CLANG_ANALYZER_NONNULL = YES;
				CLANG_CXX_LANGUAGE_STANDARD = "gnu++0x";
				CLANG_CXX_LIBRARY = "libc++";
				CLANG_ENABLE_MODULES = YES;
				CLANG_ENABLE_OBJC_ARC = YES;
				CLANG_WARN_BOOL_CONVERSION = YES;
				CLANG_WARN_CONSTANT_CONVERSION = YES;
				CLANG_WARN_DIRECT_OBJC_ISA_USAGE = YES_ERROR;
				CLANG_WARN_DOCUMENTATION_COMMENTS = YES;
				CLANG_WARN_EMPTY_BODY = YES;
				CLANG_WARN_ENUM_CONVERSION = YES;
				CLANG_WARN_INFINITE_RECURSION = YES;
				CLANG_WARN_INT_CONVERSION = YES;
				CLANG_WARN_OBJC_ROOT_CLASS = YES_ERROR;
				CLANG_WARN_SUSPICIOUS_MOVE = YES;
				CLANG_WARN_UNREACHABLE_CODE = YES;
				CLANG_WARN__DUPLICATE_METHOD_MATCH = YES;
				"CODE_SIGN_IDENTITY[sdk=iphoneos*]" = "iPhone Developer";
				COPY_PHASE_STRIP = NO;
				DEBUG_INFORMATION_FORMAT = "dwarf-with-dsym";
				ENABLE_NS_ASSERTIONS = NO;
				ENABLE_STRICT_OBJC_MSGSEND = YES;
				GCC_C_LANGUAGE_STANDARD = gnu99;
				GCC_NO_COMMON_BLOCKS = YES;
				GCC_WARN_64_TO_32_BIT_CONVERSION = YES;
				GCC_WARN_ABOUT_RETURN_TYPE = YES_ERROR;
				GCC_WARN_UNDECLARED_SELECTOR = YES;
				GCC_WARN_UNINITIALIZED_AUTOS = YES_AGGRESSIVE;
				GCC_WARN_UNUSED_FUNCTION = YES;
				GCC_WARN_UNUSED_VARIABLE = YES;
				IPHONEOS_DEPLOYMENT_TARGET = 10.2;
				MTL_ENABLE_DEBUG_INFO = NO;
				SDKROOT = iphoneos;
				TARGETED_DEVICE_FAMILY = "1,2";
				VALIDATE_PRODUCT = YES;
			};
			name = Release;
		};
		AE0AFECA1EA1FE8B00A57E33 /* Debug */ = {
			isa = XCBuildConfiguration;
			buildSettings = {
				ASSETCATALOG_COMPILER_APPICON_NAME = AppIcon;
				INFOPLIST_FILE = XFM/Info.plist;
				LD_RUNPATH_SEARCH_PATHS = "$(inherited) @executable_path/Frameworks";
				PRODUCT_BUNDLE_IDENTIFIER = com.sajiner.XFM;
				PRODUCT_NAME = "$(TARGET_NAME)";
			};
			name = Debug;
		};
		AE0AFECB1EA1FE8B00A57E33 /* Release */ = {
			isa = XCBuildConfiguration;
			buildSettings = {
				ASSETCATALOG_COMPILER_APPICON_NAME = AppIcon;
				INFOPLIST_FILE = XFM/Info.plist;
				LD_RUNPATH_SEARCH_PATHS = "$(inherited) @executable_path/Frameworks";
				PRODUCT_BUNDLE_IDENTIFIER = com.sajiner.XFM;
				PRODUCT_NAME = "$(TARGET_NAME)";
			};
			name = Release;
		};
		AE0AFECD1EA1FE8B00A57E33 /* Debug */ = {
			isa = XCBuildConfiguration;
			buildSettings = {
				BUNDLE_LOADER = "$(TEST_HOST)";
				INFOPLIST_FILE = XFMTests/Info.plist;
				LD_RUNPATH_SEARCH_PATHS = "$(inherited) @executable_path/Frameworks @loader_path/Frameworks";
				PRODUCT_BUNDLE_IDENTIFIER = com.sajiner.XFMTests;
				PRODUCT_NAME = "$(TARGET_NAME)";
				TEST_HOST = "$(BUILT_PRODUCTS_DIR)/XFM.app/XFM";
			};
			name = Debug;
		};
		AE0AFECE1EA1FE8B00A57E33 /* Release */ = {
			isa = XCBuildConfiguration;
			buildSettings = {
				BUNDLE_LOADER = "$(TEST_HOST)";
				INFOPLIST_FILE = XFMTests/Info.plist;
				LD_RUNPATH_SEARCH_PATHS = "$(inherited) @executable_path/Frameworks @loader_path/Frameworks";
				PRODUCT_BUNDLE_IDENTIFIER = com.sajiner.XFMTests;
				PRODUCT_NAME = "$(TARGET_NAME)";
				TEST_HOST = "$(BUILT_PRODUCTS_DIR)/XFM.app/XFM";
			};
			name = Release;
		};
		AE0AFED01EA1FE8B00A57E33 /* Debug */ = {
			isa = XCBuildConfiguration;
			buildSettings = {
				INFOPLIST_FILE = XFMUITests/Info.plist;
				LD_RUNPATH_SEARCH_PATHS = "$(inherited) @executable_path/Frameworks @loader_path/Frameworks";
				PRODUCT_BUNDLE_IDENTIFIER = com.sajiner.XFMUITests;
				PRODUCT_NAME = "$(TARGET_NAME)";
				TEST_TARGET_NAME = XFM;
			};
			name = Debug;
		};
		AE0AFED11EA1FE8B00A57E33 /* Release */ = {
			isa = XCBuildConfiguration;
			buildSettings = {
				INFOPLIST_FILE = XFMUITests/Info.plist;
				LD_RUNPATH_SEARCH_PATHS = "$(inherited) @executable_path/Frameworks @loader_path/Frameworks";
				PRODUCT_BUNDLE_IDENTIFIER = com.sajiner.XFMUITests;
				PRODUCT_NAME = "$(TARGET_NAME)";
				TEST_TARGET_NAME = XFM;
			};
			name = Release;
		};
/* End XCBuildConfiguration section */

/* Begin XCConfigurationList section */
		AE0AFE971EA1FE8A00A57E33 /* Build configuration list for PBXProject "XFM" */ = {
			isa = XCConfigurationList;
			buildConfigurations = (
				AE0AFEC71EA1FE8B00A57E33 /* Debug */,
				AE0AFEC81EA1FE8B00A57E33 /* Release */,
			);
			defaultConfigurationIsVisible = 0;
			defaultConfigurationName = Release;
		};
		AE0AFEC91EA1FE8B00A57E33 /* Build configuration list for PBXNativeTarget "XFM" */ = {
			isa = XCConfigurationList;
			buildConfigurations = (
				AE0AFECA1EA1FE8B00A57E33 /* Debug */,
				AE0AFECB1EA1FE8B00A57E33 /* Release */,
			);
			defaultConfigurationIsVisible = 0;
		};
		AE0AFECC1EA1FE8B00A57E33 /* Build configuration list for PBXNativeTarget "XFMTests" */ = {
			isa = XCConfigurationList;
			buildConfigurations = (
				AE0AFECD1EA1FE8B00A57E33 /* Debug */,
				AE0AFECE1EA1FE8B00A57E33 /* Release */,
			);
			defaultConfigurationIsVisible = 0;
		};
		AE0AFECF1EA1FE8B00A57E33 /* Build configuration list for PBXNativeTarget "XFMUITests" */ = {
			isa = XCConfigurationList;
			buildConfigurations = (
				AE0AFED01EA1FE8B00A57E33 /* Debug */,
				AE0AFED11EA1FE8B00A57E33 /* Release */,
			);
			defaultConfigurationIsVisible = 0;
		};
/* End XCConfigurationList section */
	};
	rootObject = AE0AFE941EA1FE8A00A57E33 /* Project object */;
}
