// !$*UTF8*$!
{
	archiveVersion = 1;
	classes = {
	};
	objectVersion = 46;
	objects = {

/* Begin PBXBuildFile section */
		376D3F8D568A79FEC8E9F1AE /* Pods_XFM.framework in Frameworks */ = {isa = PBXBuildFile; fileRef = 4402C60A7EC64D7F17F0E2D8 /* Pods_XFM.framework */; };
		AE0AFEA11EA1FE8A00A57E33 /* main.m in Sources */ = {isa = PBXBuildFile; fileRef = AE0AFEA01EA1FE8A00A57E33 /* main.m */; };
		AE0AFEA41EA1FE8A00A57E33 /* AppDelegate.m in Sources */ = {isa = PBXBuildFile; fileRef = AE0AFEA31EA1FE8A00A57E33 /* AppDelegate.m */; };
		AE0AFEA71EA1FE8A00A57E33 /* ViewController.m in Sources */ = {isa = PBXBuildFile; fileRef = AE0AFEA61EA1FE8A00A57E33 /* ViewController.m */; };
		AE0AFEAA1EA1FE8A00A57E33 /* Main.storyboard in Resources */ = {isa = PBXBuildFile; fileRef = AE0AFEA81EA1FE8A00A57E33 /* Main.storyboard */; };
		AE0AFEAC1EA1FE8A00A57E33 /* Assets.xcassets in Resources */ = {isa = PBXBuildFile; fileRef = AE0AFEAB1EA1FE8A00A57E33 /* Assets.xcassets */; };
		AE0AFEAF1EA1FE8A00A57E33 /* LaunchScreen.storyboard in Resources */ = {isa = PBXBuildFile; fileRef = AE0AFEAD1EA1FE8A00A57E33 /* LaunchScreen.storyboard */; };
		AE0AFEBA1EA1FE8A00A57E33 /* XFMTests.m in Sources */ = {isa = PBXBuildFile; fileRef = AE0AFEB91EA1FE8A00A57E33 /* XFMTests.m */; };
		AE0AFEC51EA1FE8B00A57E33 /* XFMUITests.m in Sources */ = {isa = PBXBuildFile; fileRef = AE0AFEC41EA1FE8B00A57E33 /* XFMUITests.m */; };
		AE0AFEFA1EA22F5500A57E33 /* XTestController.m in Sources */ = {isa = PBXBuildFile; fileRef = AE0AFEF91EA22F5500A57E33 /* XTestController.m */; };
		AE0AFF001EA23B1100A57E33 /* XTestSecondViewController.m in Sources */ = {isa = PBXBuildFile; fileRef = AE0AFEFF1EA23B1100A57E33 /* XTestSecondViewController.m */; };
		AE0AFF3B1EA37C7E00A57E33 /* XHomeController.m in Sources */ = {isa = PBXBuildFile; fileRef = AE0AFF3A1EA37C7E00A57E33 /* XHomeController.m */; };
		AE5E97C91EA8A6EE00C80C94 /* XDiscoverController.m in Sources */ = {isa = PBXBuildFile; fileRef = AE5E97C81EA8A6EE00C80C94 /* XDiscoverController.m */; };
		AE5E97CC1EA8A6F900C80C94 /* XMineController.m in Sources */ = {isa = PBXBuildFile; fileRef = AE5E97CB1EA8A6F900C80C94 /* XMineController.m */; };
		AE5E97CF1EA8A70D00C80C94 /* XSubscribeController.m in Sources */ = {isa = PBXBuildFile; fileRef = AE5E97CE1EA8A70D00C80C94 /* XSubscribeController.m */; };
/* End PBXBuildFile section */

/* Begin PBXContainerItemProxy section */
		AE0AFEB61EA1FE8A00A57E33 /* PBXContainerItemProxy */ = {
			isa = PBXContainerItemProxy;
			containerPortal = AE0AFE941EA1FE8A00A57E33 /* Project object */;
			proxyType = 1;
			remoteGlobalIDString = AE0AFE9B1EA1FE8A00A57E33;
			remoteInfo = XFM;
		};
		AE0AFEC11EA1FE8B00A57E33 /* PBXContainerItemProxy */ = {
			isa = PBXContainerItemProxy;
			containerPortal = AE0AFE941EA1FE8A00A57E33 /* Project object */;
			proxyType = 1;
			remoteGlobalIDString = AE0AFE9B1EA1FE8A00A57E33;
			remoteInfo = XFM;
		};
/* End PBXContainerItemProxy section */

/* Begin PBXFileReference section */
		39CF7714D57C311119D62658 /* libPods-XFMTests.a */ = {isa = PBXFileReference; explicitFileType = archive.ar; includeInIndex = 0; path = "libPods-XFMTests.a"; sourceTree = BUILT_PRODUCTS_DIR; };
		4402C60A7EC64D7F17F0E2D8 /* Pods_XFM.framework */ = {isa = PBXFileReference; explicitFileType = wrapper.framework; includeInIndex = 0; path = Pods_XFM.framework; sourceTree = BUILT_PRODUCTS_DIR; };
		4BBAED66904376060EC48FFD /* libPods-XFMUITests.a */ = {isa = PBXFileReference; explicitFileType = archive.ar; includeInIndex = 0; path = "libPods-XFMUITests.a"; sourceTree = BUILT_PRODUCTS_DIR; };
		7D95A172DA505BA3B9DD8089 /* Pods-XFM.debug.xcconfig */ = {isa = PBXFileReference; includeInIndex = 1; lastKnownFileType = text.xcconfig; name = "Pods-XFM.debug.xcconfig"; path = "Pods/Target Support Files/Pods-XFM/Pods-XFM.debug.xcconfig"; sourceTree = "<group>"; };
		AE0AFE9C1EA1FE8A00A57E33 /* XFM.app */ = {isa = PBXFileReference; explicitFileType = wrapper.application; includeInIndex = 0; path = XFM.app; sourceTree = BUILT_PRODUCTS_DIR; };
		AE0AFEA01EA1FE8A00A57E33 /* main.m */ = {isa = PBXFileReference; lastKnownFileType = sourcecode.c.objc; path = main.m; sourceTree = "<group>"; };
		AE0AFEA21EA1FE8A00A57E33 /* AppDelegate.h */ = {isa = PBXFileReference; lastKnownFileType = sourcecode.c.h; path = AppDelegate.h; sourceTree = "<group>"; };
		AE0AFEA31EA1FE8A00A57E33 /* AppDelegate.m */ = {isa = PBXFileReference; lastKnownFileType = sourcecode.c.objc; path = AppDelegate.m; sourceTree = "<group>"; };
		AE0AFEA51EA1FE8A00A57E33 /* ViewController.h */ = {isa = PBXFileReference; lastKnownFileType = sourcecode.c.h; path = ViewController.h; sourceTree = "<group>"; };
		AE0AFEA61EA1FE8A00A57E33 /* ViewController.m */ = {isa = PBXFileReference; lastKnownFileType = sourcecode.c.objc; path = ViewController.m; sourceTree = "<group>"; };
		AE0AFEA91EA1FE8A00A57E33 /* Base */ = {isa = PBXFileReference; lastKnownFileType = file.storyboard; name = Base; path = Base.lproj/Main.storyboard; sourceTree = "<group>"; };
		AE0AFEAB1EA1FE8A00A57E33 /* Assets.xcassets */ = {isa = PBXFileReference; lastKnownFileType = folder.assetcatalog; path = Assets.xcassets; sourceTree = "<group>"; };
		AE0AFEAE1EA1FE8A00A57E33 /* Base */ = {isa = PBXFileReference; lastKnownFileType = file.storyboard; name = Base; path = Base.lproj/LaunchScreen.storyboard; sourceTree = "<group>"; };
		AE0AFEB01EA1FE8A00A57E33 /* Info.plist */ = {isa = PBXFileReference; lastKnownFileType = text.plist.xml; path = Info.plist; sourceTree = "<group>"; };
		AE0AFEB51EA1FE8A00A57E33 /* XFMTests.xctest */ = {isa = PBXFileReference; explicitFileType = wrapper.cfbundle; includeInIndex = 0; path = XFMTests.xctest; sourceTree = BUILT_PRODUCTS_DIR; };
		AE0AFEB91EA1FE8A00A57E33 /* XFMTests.m */ = {isa = PBXFileReference; lastKnownFileType = sourcecode.c.objc; path = XFMTests.m; sourceTree = "<group>"; };
		AE0AFEBB1EA1FE8A00A57E33 /* Info.plist */ = {isa = PBXFileReference; lastKnownFileType = text.plist.xml; path = Info.plist; sourceTree = "<group>"; };
		AE0AFEC01EA1FE8B00A57E33 /* XFMUITests.xctest */ = {isa = PBXFileReference; explicitFileType = wrapper.cfbundle; includeInIndex = 0; path = XFMUITests.xctest; sourceTree = BUILT_PRODUCTS_DIR; };
		AE0AFEC41EA1FE8B00A57E33 /* XFMUITests.m */ = {isa = PBXFileReference; lastKnownFileType = sourcecode.c.objc; path = XFMUITests.m; sourceTree = "<group>"; };
		AE0AFEC61EA1FE8B00A57E33 /* Info.plist */ = {isa = PBXFileReference; lastKnownFileType = text.plist.xml; path = Info.plist; sourceTree = "<group>"; };
		AE0AFEF81EA22F5500A57E33 /* XTestController.h */ = {isa = PBXFileReference; fileEncoding = 4; lastKnownFileType = sourcecode.c.h; path = XTestController.h; sourceTree = "<group>"; };
		AE0AFEF91EA22F5500A57E33 /* XTestController.m */ = {isa = PBXFileReference; fileEncoding = 4; lastKnownFileType = sourcecode.c.objc; path = XTestController.m; sourceTree = "<group>"; };
		AE0AFEFE1EA23B1100A57E33 /* XTestSecondViewController.h */ = {isa = PBXFileReference; fileEncoding = 4; lastKnownFileType = sourcecode.c.h; path = XTestSecondViewController.h; sourceTree = "<group>"; };
		AE0AFEFF1EA23B1100A57E33 /* XTestSecondViewController.m */ = {isa = PBXFileReference; fileEncoding = 4; lastKnownFileType = sourcecode.c.objc; path = XTestSecondViewController.m; sourceTree = "<group>"; };
		AE0AFF311EA3448A00A57E33 /* libPods-XFM.a */ = {isa = PBXFileReference; lastKnownFileType = archive.ar; name = "libPods-XFM.a"; path = "../../Library/Developer/Xcode/DerivedData/XFM-eqwihyzunorgmeecdsrkibrvsdpr/Build/Products/Debug-iphonesimulator/libPods-XFM.a"; sourceTree = "<group>"; };
		AE0AFF391EA37C7E00A57E33 /* XHomeController.h */ = {isa = PBXFileReference; fileEncoding = 4; lastKnownFileType = sourcecode.c.h; path = XHomeController.h; sourceTree = "<group>"; };
		AE0AFF3A1EA37C7E00A57E33 /* XHomeController.m */ = {isa = PBXFileReference; fileEncoding = 4; lastKnownFileType = sourcecode.c.objc; path = XHomeController.m; sourceTree = "<group>"; };
		AE5E97C71EA8A6EE00C80C94 /* XDiscoverController.h */ = {isa = PBXFileReference; fileEncoding = 4; lastKnownFileType = sourcecode.c.h; path = XDiscoverController.h; sourceTree = "<group>"; };
		AE5E97C81EA8A6EE00C80C94 /* XDiscoverController.m */ = {isa = PBXFileReference; fileEncoding = 4; lastKnownFileType = sourcecode.c.objc; path = XDiscoverController.m; sourceTree = "<group>"; };
		AE5E97CA1EA8A6F900C80C94 /* XMineController.h */ = {isa = PBXFileReference; fileEncoding = 4; lastKnownFileType = sourcecode.c.h; path = XMineController.h; sourceTree = "<group>"; };
		AE5E97CB1EA8A6F900C80C94 /* XMineController.m */ = {isa = PBXFileReference; fileEncoding = 4; lastKnownFileType = sourcecode.c.objc; path = XMineController.m; sourceTree = "<group>"; };
		AE5E97CD1EA8A70D00C80C94 /* XSubscribeController.h */ = {isa = PBXFileReference; fileEncoding = 4; lastKnownFileType = sourcecode.c.h; path = XSubscribeController.h; sourceTree = "<group>"; };
		AE5E97CE1EA8A70D00C80C94 /* XSubscribeController.m */ = {isa = PBXFileReference; fileEncoding = 4; lastKnownFileType = sourcecode.c.objc; path = XSubscribeController.m; sourceTree = "<group>"; };
		AEC0CA8EEDEB465748F80A54 /* Pods-XFM.release.xcconfig */ = {isa = PBXFileReference; includeInIndex = 1; lastKnownFileType = text.xcconfig; name = "Pods-XFM.release.xcconfig"; path = "Pods/Target Support Files/Pods-XFM/Pods-XFM.release.xcconfig"; sourceTree = "<group>"; };
/* End PBXFileReference section */

/* Begin PBXFrameworksBuildPhase section */
		AE0AFE991EA1FE8A00A57E33 /* Frameworks */ = {
			isa = PBXFrameworksBuildPhase;
			buildActionMask = 2147483647;
			files = (
				376D3F8D568A79FEC8E9F1AE /* Pods_XFM.framework in Frameworks */,
			);
			runOnlyForDeploymentPostprocessing = 0;
		};
		AE0AFEB21EA1FE8A00A57E33 /* Frameworks */ = {
			isa = PBXFrameworksBuildPhase;
			buildActionMask = 2147483647;
			files = (
			);
			runOnlyForDeploymentPostprocessing = 0;
		};
		AE0AFEBD1EA1FE8B00A57E33 /* Frameworks */ = {
			isa = PBXFrameworksBuildPhase;
			buildActionMask = 2147483647;
			files = (
			);
			runOnlyForDeploymentPostprocessing = 0;
		};
/* End PBXFrameworksBuildPhase section */

/* Begin PBXGroup section */
		053A50535C03A4DF95FA6434 /* Frameworks */ = {
			isa = PBXGroup;
			children = (
				AE0AFF311EA3448A00A57E33 /* libPods-XFM.a */,
				39CF7714D57C311119D62658 /* libPods-XFMTests.a */,
				4BBAED66904376060EC48FFD /* libPods-XFMUITests.a */,
				4402C60A7EC64D7F17F0E2D8 /* Pods_XFM.framework */,
			);
			name = Frameworks;
			sourceTree = "<group>";
		};
		AE0AFE931EA1FE8A00A57E33 = {
			isa = PBXGroup;
			children = (
				AE0AFE9E1EA1FE8A00A57E33 /* XFM */,
				AE0AFEB81EA1FE8A00A57E33 /* XFMTests */,
				AE0AFEC31EA1FE8B00A57E33 /* XFMUITests */,
				AE0AFE9D1EA1FE8A00A57E33 /* Products */,
				BC918E7D266355BDD0C2FD6B /* Pods */,
				053A50535C03A4DF95FA6434 /* Frameworks */,
			);
			sourceTree = "<group>";
		};
		AE0AFE9D1EA1FE8A00A57E33 /* Products */ = {
			isa = PBXGroup;
			children = (
				AE0AFE9C1EA1FE8A00A57E33 /* XFM.app */,
				AE0AFEB51EA1FE8A00A57E33 /* XFMTests.xctest */,
				AE0AFEC01EA1FE8B00A57E33 /* XFMUITests.xctest */,
			);
			name = Products;
			sourceTree = "<group>";
		};
		AE0AFE9E1EA1FE8A00A57E33 /* XFM */ = {
			isa = PBXGroup;
			children = (
				AE5E97C41EA8A6D700C80C94 /* XDiscover */,
				AE5E97C51EA8A6D700C80C94 /* XMine */,
				AE5E97C61EA8A6D700C80C94 /* XSubscribe */,
				AE0AFF381EA37C6B00A57E33 /* XHome */,
				AE0AFEA21EA1FE8A00A57E33 /* AppDelegate.h */,
				AE0AFEA31EA1FE8A00A57E33 /* AppDelegate.m */,
				AE0AFEA51EA1FE8A00A57E33 /* ViewController.h */,
				AE0AFEA61EA1FE8A00A57E33 /* ViewController.m */,
				AE0AFEF81EA22F5500A57E33 /* XTestController.h */,
				AE0AFEF91EA22F5500A57E33 /* XTestController.m */,
				AE0AFEFE1EA23B1100A57E33 /* XTestSecondViewController.h */,
				AE0AFEFF1EA23B1100A57E33 /* XTestSecondViewController.m */,
				AE0AFEA81EA1FE8A00A57E33 /* Main.storyboard */,
				AE0AFEAB1EA1FE8A00A57E33 /* Assets.xcassets */,
				AE0AFEAD1EA1FE8A00A57E33 /* LaunchScreen.storyboard */,
				AE0AFEB01EA1FE8A00A57E33 /* Info.plist */,
				AE0AFE9F1EA1FE8A00A57E33 /* Supporting Files */,
			);
			path = XFM;
			sourceTree = "<group>";
		};
		AE0AFE9F1EA1FE8A00A57E33 /* Supporting Files */ = {
			isa = PBXGroup;
			children = (
				AE0AFEA01EA1FE8A00A57E33 /* main.m */,
			);
			name = "Supporting Files";
			sourceTree = "<group>";
		};
		AE0AFEB81EA1FE8A00A57E33 /* XFMTests */ = {
			isa = PBXGroup;
			children = (
				AE0AFEB91EA1FE8A00A57E33 /* XFMTests.m */,
				AE0AFEBB1EA1FE8A00A57E33 /* Info.plist */,
			);
			path = XFMTests;
			sourceTree = "<group>";
		};
		AE0AFEC31EA1FE8B00A57E33 /* XFMUITests */ = {
			isa = PBXGroup;
			children = (
				AE0AFEC41EA1FE8B00A57E33 /* XFMUITests.m */,
				AE0AFEC61EA1FE8B00A57E33 /* Info.plist */,
			);
			path = XFMUITests;
			sourceTree = "<group>";
		};
		AE0AFF381EA37C6B00A57E33 /* XHome */ = {
			isa = PBXGroup;
			children = (
				AE0AFF391EA37C7E00A57E33 /* XHomeController.h */,
				AE0AFF3A1EA37C7E00A57E33 /* XHomeController.m */,
			);
			path = XHome;
			sourceTree = "<group>";
		};
		AE5E97C41EA8A6D700C80C94 /* XDiscover */ = {
			isa = PBXGroup;
			children = (
				AE5E97C71EA8A6EE00C80C94 /* XDiscoverController.h */,
				AE5E97C81EA8A6EE00C80C94 /* XDiscoverController.m */,
			);
			path = XDiscover;
			sourceTree = "<group>";
		};
		AE5E97C51EA8A6D700C80C94 /* XMine */ = {
			isa = PBXGroup;
			children = (
				AE5E97CA1EA8A6F900C80C94 /* XMineController.h */,
				AE5E97CB1EA8A6F900C80C94 /* XMineController.m */,
			);
			path = XMine;
			sourceTree = "<group>";
		};
		AE5E97C61EA8A6D700C80C94 /* XSubscribe */ = {
			isa = PBXGroup;
			children = (
				AE5E97CD1EA8A70D00C80C94 /* XSubscribeController.h */,
				AE5E97CE1EA8A70D00C80C94 /* XSubscribeController.m */,
			);
			path = XSubscribe;
			sourceTree = "<group>";
		};
		BC918E7D266355BDD0C2FD6B /* Pods */ = {
			isa = PBXGroup;
			children = (
				7D95A172DA505BA3B9DD8089 /* Pods-XFM.debug.xcconfig */,
				AEC0CA8EEDEB465748F80A54 /* Pods-XFM.release.xcconfig */,
			);
			name = Pods;
			sourceTree = "<group>";
		};
/* End PBXGroup section */

/* Begin PBXNativeTarget section */
		AE0AFE9B1EA1FE8A00A57E33 /* XFM */ = {
			isa = PBXNativeTarget;
			buildConfigurationList = AE0AFEC91EA1FE8B00A57E33 /* Build configuration list for PBXNativeTarget "XFM" */;
			buildPhases = (
				588199DE092D66CB83657F04 /* [CP] Check Pods Manifest.lock */,
				AE0AFE981EA1FE8A00A57E33 /* Sources */,
				AE0AFE991EA1FE8A00A57E33 /* Frameworks */,
				AE0AFE9A1EA1FE8A00A57E33 /* Resources */,
				F5D07154170AD971697A7523 /* [CP] Embed Pods Frameworks */,
				A35AD7559511E1E9B0E4514B /* [CP] Copy Pods Resources */,
			);
			buildRules = (
			);
			dependencies = (
			);
			name = XFM;
			productName = XFM;
			productReference = AE0AFE9C1EA1FE8A00A57E33 /* XFM.app */;
			productType = "com.apple.product-type.application";
		};
		AE0AFEB41EA1FE8A00A57E33 /* XFMTests */ = {
			isa = PBXNativeTarget;
			buildConfigurationList = AE0AFECC1EA1FE8B00A57E33 /* Build configuration list for PBXNativeTarget "XFMTests" */;
			buildPhases = (
				AE0AFEB11EA1FE8A00A57E33 /* Sources */,
				AE0AFEB21EA1FE8A00A57E33 /* Frameworks */,
				AE0AFEB31EA1FE8A00A57E33 /* Resources */,
			);
			buildRules = (
			);
			dependencies = (
				AE0AFEB71EA1FE8A00A57E33 /* PBXTargetDependency */,
			);
			name = XFMTests;
			productName = XFMTests;
			productReference = AE0AFEB51EA1FE8A00A57E33 /* XFMTests.xctest */;
			productType = "com.apple.product-type.bundle.unit-test";
		};
		AE0AFEBF1EA1FE8B00A57E33 /* XFMUITests */ = {
			isa = PBXNativeTarget;
			buildConfigurationList = AE0AFECF1EA1FE8B00A57E33 /* Build configuration list for PBXNativeTarget "XFMUITests" */;
			buildPhases = (
				AE0AFEBC1EA1FE8B00A57E33 /* Sources */,
				AE0AFEBD1EA1FE8B00A57E33 /* Frameworks */,
				AE0AFEBE1EA1FE8B00A57E33 /* Resources */,
			);
			buildRules = (
			);
			dependencies = (
				AE0AFEC21EA1FE8B00A57E33 /* PBXTargetDependency */,
			);
			name = XFMUITests;
			productName = XFMUITests;
			productReference = AE0AFEC01EA1FE8B00A57E33 /* XFMUITests.xctest */;
			productType = "com.apple.product-type.bundle.ui-testing";
		};
/* End PBXNativeTarget section */

/* Begin PBXProject section */
		AE0AFE941EA1FE8A00A57E33 /* Project object */ = {
			isa = PBXProject;
			attributes = {
				CLASSPREFIX = X;
				LastUpgradeCheck = 0820;
				ORGANIZATIONNAME = "张鑫";
				TargetAttributes = {
					AE0AFE9B1EA1FE8A00A57E33 = {
						CreatedOnToolsVersion = 8.2.1;
						ProvisioningStyle = Automatic;
					};
					AE0AFEB41EA1FE8A00A57E33 = {
						CreatedOnToolsVersion = 8.2.1;
						ProvisioningStyle = Automatic;
						TestTargetID = AE0AFE9B1EA1FE8A00A57E33;
					};
					AE0AFEBF1EA1FE8B00A57E33 = {
						CreatedOnToolsVersion = 8.2.1;
						ProvisioningStyle = Automatic;
						TestTargetID = AE0AFE9B1EA1FE8A00A57E33;
					};
				};
			};
			buildConfigurationList = AE0AFE971EA1FE8A00A57E33 /* Build configuration list for PBXProject "XFM" */;
			compatibilityVersion = "Xcode 3.2";
			developmentRegion = English;
			hasScannedForEncodings = 0;
			knownRegions = (
				en,
				Base,
			);
			mainGroup = AE0AFE931EA1FE8A00A57E33;
			productRefGroup = AE0AFE9D1EA1FE8A00A57E33 /* Products */;
			projectDirPath = "";
			projectRoot = "";
			targets = (
				AE0AFE9B1EA1FE8A00A57E33 /* XFM */,
				AE0AFEB41EA1FE8A00A57E33 /* XFMTests */,
				AE0AFEBF1EA1FE8B00A57E33 /* XFMUITests */,
			);
		};
/* End PBXProject section */

/* Begin PBXResourcesBuildPhase section */
		AE0AFE9A1EA1FE8A00A57E33 /* Resources */ = {
			isa = PBXResourcesBuildPhase;
			buildActionMask = 2147483647;
			files = (
				AE0AFEAF1EA1FE8A00A57E33 /* LaunchScreen.storyboard in Resources */,
				AE0AFEAC1EA1FE8A00A57E33 /* Assets.xcassets in Resources */,
				AE0AFEAA1EA1FE8A00A57E33 /* Main.storyboard in Resources */,
			);
			runOnlyForDeploymentPostprocessing = 0;
		};
		AE0AFEB31EA1FE8A00A57E33 /* Resources */ = {
			isa = PBXResourcesBuildPhase;
			buildActionMask = 2147483647;
			files = (
			);
			runOnlyForDeploymentPostprocessing = 0;
		};
		AE0AFEBE1EA1FE8B00A57E33 /* Resources */ = {
			isa = PBXResourcesBuildPhase;
			buildActionMask = 2147483647;
			files = (
			);
			runOnlyForDeploymentPostprocessing = 0;
		};
/* End PBXResourcesBuildPhase section */

/* Begin PBXShellScriptBuildPhase section */
		588199DE092D66CB83657F04 /* [CP] Check Pods Manifest.lock */ = {
			isa = PBXShellScriptBuildPhase;
			buildActionMask = 2147483647;
			files = (
			);
			inputPaths = (
			);
			name = "[CP] Check Pods Manifest.lock";
			outputPaths = (
			);
			runOnlyForDeploymentPostprocessing = 0;
			shellPath = /bin/sh;
			shellScript = "diff \"${PODS_ROOT}/../Podfile.lock\" \"${PODS_ROOT}/Manifest.lock\" > /dev/null\nif [ $? != 0 ] ; then\n    # print error to STDERR\n    echo \"error: The sandbox is not in sync with the Podfile.lock. Run 'pod install' or update your CocoaPods installation.\" >&2\n    exit 1\nfi\n";
			showEnvVarsInLog = 0;
		};
		A35AD7559511E1E9B0E4514B /* [CP] Copy Pods Resources */ = {
			isa = PBXShellScriptBuildPhase;
			buildActionMask = 2147483647;
			files = (
			);
			inputPaths = (
			);
			name = "[CP] Copy Pods Resources";
			outputPaths = (
			);
			runOnlyForDeploymentPostprocessing = 0;
			shellPath = /bin/sh;
			shellScript = "\"${SRCROOT}/Pods/Target Support Files/Pods-XFM/Pods-XFM-resources.sh\"\n";
			showEnvVarsInLog = 0;
		};
		F5D07154170AD971697A7523 /* [CP] Embed Pods Frameworks */ = {
			isa = PBXShellScriptBuildPhase;
			buildActionMask = 2147483647;
			files = (
			);
			inputPaths = (
			);
			name = "[CP] Embed Pods Frameworks";
			outputPaths = (
			);
			runOnlyForDeploymentPostprocessing = 0;
			shellPath = /bin/sh;
			shellScript = "\"${SRCROOT}/Pods/Target Support Files/Pods-XFM/Pods-XFM-frameworks.sh\"\n";
			showEnvVarsInLog = 0;
		};
/* End PBXShellScriptBuildPhase section */

/* Begin PBXSourcesBuildPhase section */
		AE0AFE981EA1FE8A00A57E33 /* Sources */ = {
			isa = PBXSourcesBuildPhase;
			buildActionMask = 2147483647;
			files = (
				AE5E97C91EA8A6EE00C80C94 /* XDiscoverController.m in Sources */,
				AE5E97CC1EA8A6F900C80C94 /* XMineController.m in Sources */,
				AE0AFF001EA23B1100A57E33 /* XTestSecondViewController.m in Sources */,
				AE0AFEA71EA1FE8A00A57E33 /* ViewController.m in Sources */,
				AE5E97CF1EA8A70D00C80C94 /* XSubscribeController.m in Sources */,
				AE0AFEA41EA1FE8A00A57E33 /* AppDelegate.m in Sources */,
				AE0AFF3B1EA37C7E00A57E33 /* XHomeController.m in Sources */,
				AE0AFEA11EA1FE8A00A57E33 /* main.m in Sources */,
				AE0AFEFA1EA22F5500A57E33 /* XTestController.m in Sources */,
			);
			runOnlyForDeploymentPostprocessing = 0;
		};
		AE0AFEB11EA1FE8A00A57E33 /* Sources */ = {
			isa = PBXSourcesBuildPhase;
			buildActionMask = 2147483647;
			files = (
				AE0AFEBA1EA1FE8A00A57E33 /* XFMTests.m in Sources */,
			);
			runOnlyForDeploymentPostprocessing = 0;
		};
		AE0AFEBC1EA1FE8B00A57E33 /* Sources */ = {
			isa = PBXSourcesBuildPhase;
			buildActionMask = 2147483647;
			files = (
				AE0AFEC51EA1FE8B00A57E33 /* XFMUITests.m in Sources */,
			);
			runOnlyForDeploymentPostprocessing = 0;
		};
/* End PBXSourcesBuildPhase section */

/* Begin PBXTargetDependency section */
		AE0AFEB71EA1FE8A00A57E33 /* PBXTargetDependency */ = {
			isa = PBXTargetDependency;
			target = AE0AFE9B1EA1FE8A00A57E33 /* XFM */;
			targetProxy = AE0AFEB61EA1FE8A00A57E33 /* PBXContainerItemProxy */;
		};
		AE0AFEC21EA1FE8B00A57E33 /* PBXTargetDependency */ = {
			isa = PBXTargetDependency;
			target = AE0AFE9B1EA1FE8A00A57E33 /* XFM */;
			targetProxy = AE0AFEC11EA1FE8B00A57E33 /* PBXContainerItemProxy */;
		};
/* End PBXTargetDependency section */

/* Begin PBXVariantGroup section */
		AE0AFEA81EA1FE8A00A57E33 /* Main.storyboard */ = {
			isa = PBXVariantGroup;
			children = (
				AE0AFEA91EA1FE8A00A57E33 /* Base */,
			);
			name = Main.storyboard;
			sourceTree = "<group>";
		};
		AE0AFEAD1EA1FE8A00A57E33 /* LaunchScreen.storyboard */ = {
			isa = PBXVariantGroup;
			children = (
				AE0AFEAE1EA1FE8A00A57E33 /* Base */,
			);
			name = LaunchScreen.storyboard;
			sourceTree = "<group>";
		};
/* End PBXVariantGroup section */

/* Begin XCBuildConfiguration section */
		AE0AFEC71EA1FE8B00A57E33 /* Debug */ = {
			isa = XCBuildConfiguration;
			buildSettings = {
				ALWAYS_SEARCH_USER_PATHS = NO;
				CLANG_ANALYZER_NONNULL = YES;
				CLANG_CXX_LANGUAGE_STANDARD = "gnu++0x";
				CLANG_CXX_LIBRARY = "libc++";
				CLANG_ENABLE_MODULES = YES;
				CLANG_ENABLE_OBJC_ARC = YES;
				CLANG_WARN_BOOL_CONVERSION = YES;
				CLANG_WARN_CONSTANT_CONVERSION = YES;
				CLANG_WARN_DIRECT_OBJC_ISA_USAGE = YES_ERROR;
				CLANG_WARN_DOCUMENTATION_COMMENTS = YES;
				CLANG_WARN_EMPTY_BODY = YES;
				CLANG_WARN_ENUM_CONVERSION = YES;
				CLANG_WARN_INFINITE_RECURSION = YES;
				CLANG_WARN_INT_CONVERSION = YES;
				CLANG_WARN_OBJC_ROOT_CLASS = YES_ERROR;
				CLANG_WARN_SUSPICIOUS_MOVE = YES;
				CLANG_WARN_UNREACHABLE_CODE = YES;
				CLANG_WARN__DUPLICATE_METHOD_MATCH = YES;
				"CODE_SIGN_IDENTITY[sdk=iphoneos*]" = "iPhone Developer";
				COPY_PHASE_STRIP = NO;
				DEBUG_INFORMATION_FORMAT = dwarf;
				ENABLE_STRICT_OBJC_MSGSEND = YES;
				ENABLE_TESTABILITY = YES;
				GCC_C_LANGUAGE_STANDARD = gnu99;
				GCC_DYNAMIC_NO_PIC = NO;
				GCC_NO_COMMON_BLOCKS = YES;
				GCC_OPTIMIZATION_LEVEL = 0;
				GCC_PREPROCESSOR_DEFINITIONS = (
					"DEBUG=1",
					"$(inherited)",
				);
				GCC_WARN_64_TO_32_BIT_CONVERSION = YES;
				GCC_WARN_ABOUT_RETURN_TYPE = YES_ERROR;
				GCC_WARN_UNDECLARED_SELECTOR = YES;
				GCC_WARN_UNINITIALIZED_AUTOS = YES_AGGRESSIVE;
				GCC_WARN_UNUSED_FUNCTION = YES;
				GCC_WARN_UNUSED_VARIABLE = YES;
				IPHONEOS_DEPLOYMENT_TARGET = 9.0;
				MTL_ENABLE_DEBUG_INFO = YES;
				ONLY_ACTIVE_ARCH = YES;
				SDKROOT = iphoneos;
				TARGETED_DEVICE_FAMILY = "1,2";
			};
			name = Debug;
		};
		AE0AFEC81EA1FE8B00A57E33 /* Release */ = {
			isa = XCBuildConfiguration;
			buildSettings = {
				ALWAYS_SEARCH_USER_PATHS = NO;
				CLANG_ANALYZER_NONNULL = YES;
				CLANG_CXX_LANGUAGE_STANDARD = "gnu++0x";
				CLANG_CXX_LIBRARY = "libc++";
				CLANG_ENABLE_MODULES = YES;
				CLANG_ENABLE_OBJC_ARC = YES;
				CLANG_WARN_BOOL_CONVERSION = YES;
				CLANG_WARN_CONSTANT_CONVERSION = YES;
				CLANG_WARN_DIRECT_OBJC_ISA_USAGE = YES_ERROR;
				CLANG_WARN_DOCUMENTATION_COMMENTS = YES;
				CLANG_WARN_EMPTY_BODY = YES;
				CLANG_WARN_ENUM_CONVERSION = YES;
				CLANG_WARN_INFINITE_RECURSION = YES;
				CLANG_WARN_INT_CONVERSION = YES;
				CLANG_WARN_OBJC_ROOT_CLASS = YES_ERROR;
				CLANG_WARN_SUSPICIOUS_MOVE = YES;
				CLANG_WARN_UNREACHABLE_CODE = YES;
				CLANG_WARN__DUPLICATE_METHOD_MATCH = YES;
				"CODE_SIGN_IDENTITY[sdk=iphoneos*]" = "iPhone Developer";
				COPY_PHASE_STRIP = NO;
				DEBUG_INFORMATION_FORMAT = "dwarf-with-dsym";
				ENABLE_NS_ASSERTIONS = NO;
				ENABLE_STRICT_OBJC_MSGSEND = YES;
				GCC_C_LANGUAGE_STANDARD = gnu99;
				GCC_NO_COMMON_BLOCKS = YES;
				GCC_WARN_64_TO_32_BIT_CONVERSION = YES;
				GCC_WARN_ABOUT_RETURN_TYPE = YES_ERROR;
				GCC_WARN_UNDECLARED_SELECTOR = YES;
				GCC_WARN_UNINITIALIZED_AUTOS = YES_AGGRESSIVE;
				GCC_WARN_UNUSED_FUNCTION = YES;
				GCC_WARN_UNUSED_VARIABLE = YES;
				IPHONEOS_DEPLOYMENT_TARGET = 9.0;
				MTL_ENABLE_DEBUG_INFO = NO;
				SDKROOT = iphoneos;
				TARGETED_DEVICE_FAMILY = "1,2";
				VALIDATE_PRODUCT = YES;
			};
			name = Release;
		};
		AE0AFECA1EA1FE8B00A57E33 /* Debug */ = {
			isa = XCBuildConfiguration;
			baseConfigurationReference = 7D95A172DA505BA3B9DD8089 /* Pods-XFM.debug.xcconfig */;
			buildSettings = {
				ASSETCATALOG_COMPILER_APPICON_NAME = AppIcon;
				INFOPLIST_FILE = XFM/Info.plist;
				LD_RUNPATH_SEARCH_PATHS = "$(inherited) @executable_path/Frameworks";
				PRODUCT_BUNDLE_IDENTIFIER = com.sajiner.XFM;
				PRODUCT_NAME = "$(TARGET_NAME)";
			};
			name = Debug;
		};
		AE0AFECB1EA1FE8B00A57E33 /* Release */ = {
			isa = XCBuildConfiguration;
			baseConfigurationReference = AEC0CA8EEDEB465748F80A54 /* Pods-XFM.release.xcconfig */;
			buildSettings = {
				ASSETCATALOG_COMPILER_APPICON_NAME = AppIcon;
				INFOPLIST_FILE = XFM/Info.plist;
				LD_RUNPATH_SEARCH_PATHS = "$(inherited) @executable_path/Frameworks";
				PRODUCT_BUNDLE_IDENTIFIER = com.sajiner.XFM;
				PRODUCT_NAME = "$(TARGET_NAME)";
			};
			name = Release;
		};
		AE0AFECD1EA1FE8B00A57E33 /* Debug */ = {
			isa = XCBuildConfiguration;
			buildSettings = {
				BUNDLE_LOADER = "$(TEST_HOST)";
				INFOPLIST_FILE = XFMTests/Info.plist;
				LD_RUNPATH_SEARCH_PATHS = "$(inherited) @executable_path/Frameworks @loader_path/Frameworks";
				PRODUCT_BUNDLE_IDENTIFIER = com.sajiner.XFMTests;
				PRODUCT_NAME = "$(TARGET_NAME)";
				TEST_HOST = "$(BUILT_PRODUCTS_DIR)/XFM.app/XFM";
			};
			name = Debug;
		};
		AE0AFECE1EA1FE8B00A57E33 /* Release */ = {
			isa = XCBuildConfiguration;
			buildSettings = {
				BUNDLE_LOADER = "$(TEST_HOST)";
				INFOPLIST_FILE = XFMTests/Info.plist;
				LD_RUNPATH_SEARCH_PATHS = "$(inherited) @executable_path/Frameworks @loader_path/Frameworks";
				PRODUCT_BUNDLE_IDENTIFIER = com.sajiner.XFMTests;
				PRODUCT_NAME = "$(TARGET_NAME)";
				TEST_HOST = "$(BUILT_PRODUCTS_DIR)/XFM.app/XFM";
			};
			name = Release;
		};
		AE0AFED01EA1FE8B00A57E33 /* Debug */ = {
			isa = XCBuildConfiguration;
			buildSettings = {
				INFOPLIST_FILE = XFMUITests/Info.plist;
				LD_RUNPATH_SEARCH_PATHS = "$(inherited) @executable_path/Frameworks @loader_path/Frameworks";
				PRODUCT_BUNDLE_IDENTIFIER = com.sajiner.XFMUITests;
				PRODUCT_NAME = "$(TARGET_NAME)";
				TEST_TARGET_NAME = XFM;
			};
			name = Debug;
		};
		AE0AFED11EA1FE8B00A57E33 /* Release */ = {
			isa = XCBuildConfiguration;
			buildSettings = {
				INFOPLIST_FILE = XFMUITests/Info.plist;
				LD_RUNPATH_SEARCH_PATHS = "$(inherited) @executable_path/Frameworks @loader_path/Frameworks";
				PRODUCT_BUNDLE_IDENTIFIER = com.sajiner.XFMUITests;
				PRODUCT_NAME = "$(TARGET_NAME)";
				TEST_TARGET_NAME = XFM;
			};
			name = Release;
		};
/* End XCBuildConfiguration section */

/* Begin XCConfigurationList section */
		AE0AFE971EA1FE8A00A57E33 /* Build configuration list for PBXProject "XFM" */ = {
			isa = XCConfigurationList;
			buildConfigurations = (
				AE0AFEC71EA1FE8B00A57E33 /* Debug */,
				AE0AFEC81EA1FE8B00A57E33 /* Release */,
			);
			defaultConfigurationIsVisible = 0;
			defaultConfigurationName = Release;
		};
		AE0AFEC91EA1FE8B00A57E33 /* Build configuration list for PBXNativeTarget "XFM" */ = {
			isa = XCConfigurationList;
			buildConfigurations = (
				AE0AFECA1EA1FE8B00A57E33 /* Debug */,
				AE0AFECB1EA1FE8B00A57E33 /* Release */,
			);
			defaultConfigurationIsVisible = 0;
			defaultConfigurationName = Release;
		};
		AE0AFECC1EA1FE8B00A57E33 /* Build configuration list for PBXNativeTarget "XFMTests" */ = {
			isa = XCConfigurationList;
			buildConfigurations = (
				AE0AFECD1EA1FE8B00A57E33 /* Debug */,
				AE0AFECE1EA1FE8B00A57E33 /* Release */,
			);
			defaultConfigurationIsVisible = 0;
			defaultConfigurationName = Release;
		};
		AE0AFECF1EA1FE8B00A57E33 /* Build configuration list for PBXNativeTarget "XFMUITests" */ = {
			isa = XCConfigurationList;
			buildConfigurations = (
				AE0AFED01EA1FE8B00A57E33 /* Debug */,
				AE0AFED11EA1FE8B00A57E33 /* Release */,
			);
			defaultConfigurationIsVisible = 0;
			defaultConfigurationName = Release;
		};
/* End XCConfigurationList section */
	};
	rootObject = AE0AFE941EA1FE8A00A57E33 /* Project object */;
}
